
Microsoft Visual Studio Solution File, Format Version 9.00
# Visual Studio 2005
Project("{FAE04EC0-301F-11D3-BF4B-00C04F79EFBC}") = "EQ Parser", "EQ Parser.csproj", "{CA132C69-CC65-4389-B463-9D419EEF0F41}"
EndProject
Global
	GlobalSection(SolutionConfigurationPlatforms) = preSolution
		Debug|Any CPU = Debug|Any CPU
		Release|Any CPU = Release|Any CPU
	EndGlobalSection
	GlobalSection(ProjectConfigurationPlatforms) = postSolution
		{CA132C69-CC65-4389-B463-9D419EEF0F41}.Debug|Any CPU.ActiveCfg = Debug|Any CPU
		{CA132C69-CC65-4389-B463-9D419EEF0F41}.Debug|Any CPU.Build.0 = Debug|Any CPU
		{CA132C69-CC65-4389-B463-9D419EEF0F41}.Release|Any CPU.ActiveCfg = Release|Any CPU
		{CA132C69-CC65-4389-B463-9D419EEF0F41}.Release|Any CPU.Build.0 = Release|Any CPU
	EndGlobalSection
	GlobalSection(SolutionProperties) = preSolution
		HideSolutionNode = FALSE
	EndGlobalSection
EndGlobal
